PODS:
  - audioplayers_darwin (0.0.1):
    - Flutter
  - Flutter (1.0.0)
  - permission_handler_apple (9.3.0):
    - Flutter
  - record_darwin (1.0.0):
    - Flutter
  - sqflite_darwin (0.0.4):
    - Flutter
    - FlutterMacOS

DEPENDENCIES:
  - audioplayers_darwin (from `.symlinks/plugins/audioplayers_darwin/ios`)
  - Flutter (from `Flutter`)
  - permission_handler_apple (from `.symlinks/plugins/permission_handler_apple/ios`)
  - record_darwin (from `.symlinks/plugins/record_darwin/ios`)
  - sqflite_darwin (from `.symlinks/plugins/sqflite_darwin/darwin`)

EXTERNAL SOURCES:
  audioplayers_darwin:
    :path: ".symlinks/plugins/audioplayers_darwin/ios"
  Flutter:
    :path: Flutter
  permission_handler_apple:
    :path: ".symlinks/plugins/permission_handler_apple/ios"
  record_darwin:
    :path: ".symlinks/plugins/record_darwin/ios"
  sqflite_darwin:
    :path: ".symlinks/plugins/sqflite_darwin/darwin"

SPEC CHECKSUMS:
  audioplayers_darwin: ccf9c770ee768abb07e26d90af093f7bab1c12ab
  Flutter: cabc95a1d2626b1b06e7179b784ebcf0c0cde467
  permission_handler_apple: 4ed2196e43d0651e8ff7ca3483a069d469701f2d
  record_darwin: fb1f375f1d9603714f55b8708a903bbb91ffdb0a
  sqflite_darwin: 20b2a3a3b70e43edae938624ce550a3cbf66a3d0

PODFILE CHECKSUM: f09d17ea817d279a830fa1674ffd091e5e996d64

COCOAPODS: 1.16.2
